
Microsoft Visual Studio Solution File, Format Version 12.00
# Visual Studio Version 18
VisualStudioVersion = 18.3.11218.70 d18.3
MinimumVisualStudioVersion = 10.0.40219.1
Project("{FAE04EC0-301F-11D3-BF4B-00C04F79EFBC}") = "LottieNet", "LottieNet\LottieNet.csproj", "{3F27A441-FFE8-E7DE-9055-E32CB6F8D231}"
EndProject
Project("{FAE04EC0-301F-11D3-BF4B-00C04F79EFBC}") = "Samples", "Samples\Samples.csproj", "{1D4046E3-9453-49C6-A7FA-ECF567566055}"
EndProject
Global
	GlobalSection(SolutionConfigurationPlatforms) = preSolution
		Debug|Any CPU = Debug|Any CPU
		Release|Any CPU = Release|Any CPU
	EndGlobalSection
	GlobalSection(ProjectConfigurationPlatforms) = postSolution
		{3F27A441-FFE8-E7DE-9055-E32CB6F8D231}.Debug|Any CPU.ActiveCfg = Debug|Any CPU
		{3F27A441-FFE8-E7DE-9055-E32CB6F8D231}.Debug|Any CPU.Build.0 = Debug|Any CPU
		{3F27A441-FFE8-E7DE-9055-E32CB6F8D231}.Release|Any CPU.ActiveCfg = Release|Any CPU
		{3F27A441-FFE8-E7DE-9055-E32CB6F8D231}.Release|Any CPU.Build.0 = Release|Any CPU
		{1D4046E3-9453-49C6-A7FA-ECF567566055}.Debug|Any CPU.ActiveCfg = Debug|Any CPU
		{1D4046E3-9453-49C6-A7FA-ECF567566055}.Debug|Any CPU.Build.0 = Debug|Any CPU
		{1D4046E3-9453-49C6-A7FA-ECF567566055}.Release|Any CPU.ActiveCfg = Release|Any CPU
		{1D4046E3-9453-49C6-A7FA-ECF567566055}.Release|Any CPU.Build.0 = Release|Any CPU
	EndGlobalSection
	GlobalSection(SolutionProperties) = preSolution
		HideSolutionNode = FALSE
	EndGlobalSection
	GlobalSection(ExtensibilityGlobals) = postSolution
		SolutionGuid = {B1C7921B-F406-4878-A680-4CF75B65414A}
	EndGlobalSection
EndGlobal
